
Microsoft Visual Studio Solution File, Format Version 12.00
# Visual Studio Version 17
VisualStudioVersion = 17.14.36203.30
MinimumVisualStudioVersion = 10.0.40219.1
Project("{FAE04EC0-301F-11D3-BF4B-00C04F79EFBC}") = "AdBoard.API", "AdBoard.API\AdBoard.API.csproj", "{58E89E21-DE71-4E3A-9D5C-BA1B451EB585}"
	ProjectSection(ProjectDependencies) = postProject
		{D8815B3A-3CFB-4143-9405-5C0F3F9B1746} = {D8815B3A-3CFB-4143-9405-5C0F3F9B1746}
	EndProjectSection
EndProject
Project("{FAE04EC0-301F-11D3-BF4B-00C04F79EFBC}") = "AdBoard.DAL", "AdBoard.DAL\AdBoard.DAL.csproj", "{06D35409-4982-44F5-BF7F-056136533013}"
EndProject
Project("{FAE04EC0-301F-11D3-BF4B-00C04F79EFBC}") = "AdBoard.Services", "AdBoard.Services\AdBoard.Services.csproj", "{D8815B3A-3CFB-4143-9405-5C0F3F9B1746}"
	ProjectSection(ProjectDependencies) = postProject
		{06D35409-4982-44F5-BF7F-056136533013} = {06D35409-4982-44F5-BF7F-056136533013}
	EndProjectSection
EndProject
Global
	GlobalSection(SolutionConfigurationPlatforms) = preSolution
		Debug|Any CPU = Debug|Any CPU
		Release|Any CPU = Release|Any CPU
	EndGlobalSection
	GlobalSection(ProjectConfigurationPlatforms) = postSolution
		{58E89E21-DE71-4E3A-9D5C-BA1B451EB585}.Debug|Any CPU.ActiveCfg = Debug|Any CPU
		{58E89E21-DE71-4E3A-9D5C-BA1B451EB585}.Debug|Any CPU.Build.0 = Debug|Any CPU
		{58E89E21-DE71-4E3A-9D5C-BA1B451EB585}.Release|Any CPU.ActiveCfg = Release|Any CPU
		{58E89E21-DE71-4E3A-9D5C-BA1B451EB585}.Release|Any CPU.Build.0 = Release|Any CPU
		{06D35409-4982-44F5-BF7F-056136533013}.Debug|Any CPU.ActiveCfg = Debug|Any CPU
		{06D35409-4982-44F5-BF7F-056136533013}.Debug|Any CPU.Build.0 = Debug|Any CPU
		{06D35409-4982-44F5-BF7F-056136533013}.Release|Any CPU.ActiveCfg = Release|Any CPU
		{06D35409-4982-44F5-BF7F-056136533013}.Release|Any CPU.Build.0 = Release|Any CPU
		{D8815B3A-3CFB-4143-9405-5C0F3F9B1746}.Debug|Any CPU.ActiveCfg = Debug|Any CPU
		{D8815B3A-3CFB-4143-9405-5C0F3F9B1746}.Debug|Any CPU.Build.0 = Debug|Any CPU
		{D8815B3A-3CFB-4143-9405-5C0F3F9B1746}.Release|Any CPU.ActiveCfg = Release|Any CPU
		{D8815B3A-3CFB-4143-9405-5C0F3F9B1746}.Release|Any CPU.Build.0 = Release|Any CPU
	EndGlobalSection
	GlobalSection(SolutionProperties) = preSolution
		HideSolutionNode = FALSE
	EndGlobalSection
	GlobalSection(ExtensibilityGlobals) = postSolution
		SolutionGuid = {3FBB1D68-468D-4EB4-9125-BCBCE60B5545}
	EndGlobalSection
EndGlobal
